// !$*UTF8*$!
{
	archiveVersion = 1;
	classes = {
	};
	objectVersion = 50;
	objects = {

/* Begin PBXBuildFile section */
		0311FB0123F7BB9E00DC4710 /* GameOverObject.cpp in Sources */ = {isa = PBXBuildFile; fileRef = 0311FAFF23F7BB9E00DC4710 /* GameOverObject.cpp */; };
		0322201B2380FF9D004B0BD1 /* GameWindow.cpp in Sources */ = {isa = PBXBuildFile; fileRef = 032220192380FF9D004B0BD1 /* GameWindow.cpp */; };
		032C4B4F236EFFB500B78C94 /* PaddleObject.cpp in Sources */ = {isa = PBXBuildFile; fileRef = 032C4B4D236EFFB500B78C94 /* PaddleObject.cpp */; };
		0345100B23BAF56500530E54 /* ScoringSystem.cpp in Sources */ = {isa = PBXBuildFile; fileRef = 0345100923BAF56500530E54 /* ScoringSystem.cpp */; };
		0350F2B223A324FB0038A52E /* CollisionComponent.hpp in Sources */ = {isa = PBXBuildFile; fileRef = 0350F2B123A324FB0038A52E /* CollisionComponent.hpp */; };
		035DB9E0238B75D90025B2F7 /* GameObject.cpp in Sources */ = {isa = PBXBuildFile; fileRef = 035DB9DF238B75D90025B2F7 /* GameObject.cpp */; };
		036CC4A223B26234006007C9 /* ScoreObject.cpp in Sources */ = {isa = PBXBuildFile; fileRef = 036CC4A023B26233006007C9 /* ScoreObject.cpp */; };
		036CC4A523B26540006007C9 /* TextComponent.cpp in Sources */ = {isa = PBXBuildFile; fileRef = 036CC4A323B26540006007C9 /* TextComponent.cpp */; };
		03775CB123B6569400BFA1C6 /* TextRenderComponent.cpp in Sources */ = {isa = PBXBuildFile; fileRef = 03775CAF23B6569400BFA1C6 /* TextRenderComponent.cpp */; };
		037BF8F923CAC40B00D7C4B3 /* SoundComponent.cpp in Sources */ = {isa = PBXBuildFile; fileRef = 037BF8F723CAC40B00D7C4B3 /* SoundComponent.cpp */; };
		0389AD802396F4CA005EEC22 /* libSDL2.a in Frameworks */ = {isa = PBXBuildFile; fileRef = 0389AD7F2396F4CA005EEC22 /* libSDL2.a */; };
		038E2E8A23C40D3F00A4BB41 /* libSDL2_mixer.a in Frameworks */ = {isa = PBXBuildFile; fileRef = 038E2E8923C40D3F00A4BB41 /* libSDL2_mixer.a */; };
		03987B5923955A110004639E /* RenderSystem.cpp in Sources */ = {isa = PBXBuildFile; fileRef = 03987B5823955A110004639E /* RenderSystem.cpp */; };
		039E6C17234E30B0004CCD78 /* main.cpp in Sources */ = {isa = PBXBuildFile; fileRef = 039E6C16234E30B0004CCD78 /* main.cpp */; };
		03A1E580238F56E900A02AB7 /* PaddleInputComponent.cpp in Sources */ = {isa = PBXBuildFile; fileRef = 03A1E57E238F56E900A02AB7 /* PaddleInputComponent.cpp */; };
		03B049A7239600E600D3E5B9 /* BallObject.cpp in Sources */ = {isa = PBXBuildFile; fileRef = 03B049A6239600E600D3E5B9 /* BallObject.cpp */; };
		03EBAAB0239190B400F8BDE5 /* MovementSystem.cpp in Sources */ = {isa = PBXBuildFile; fileRef = 03EBAAAE239190B400F8BDE5 /* MovementSystem.cpp */; };
		03EDC3DA23B100A5000A1AD9 /* libSDL2_ttf.a in Frameworks */ = {isa = PBXBuildFile; fileRef = 03EDC3D923B1009B000A1AD9 /* libSDL2_ttf.a */; };
		03EFD234237D004B006EF2A5 /* GameWorld.cpp in Sources */ = {isa = PBXBuildFile; fileRef = 03EFD232237D004B006EF2A5 /* GameWorld.cpp */; };
/* End PBXBuildFile section */

/* Begin PBXCopyFilesBuildPhase section */
		039E6C11234E30B0004CCD78 /* CopyFiles */ = {
			isa = PBXCopyFilesBuildPhase;
			buildActionMask = 2147483647;
			dstPath = /usr/share/man/man1;
			dstSubfolderSpec = 0;
			files = (
			);
			runOnlyForDeploymentPostprocessing = 1;
		};
/* End PBXCopyFilesBuildPhase section */

/* Begin PBXFileReference section */
		030A2389236F05D8000D0E2F /* Rectangle.hpp */ = {isa = PBXFileReference; lastKnownFileType = sourcecode.cpp.h; path = Rectangle.hpp; sourceTree = "<group>"; };
		0311FAFF23F7BB9E00DC4710 /* GameOverObject.cpp */ = {isa = PBXFileReference; lastKnownFileType = sourcecode.cpp.cpp; path = GameOverObject.cpp; sourceTree = "<group>"; };
		0311FB0023F7BB9E00DC4710 /* GameOverObject.hpp */ = {isa = PBXFileReference; lastKnownFileType = sourcecode.cpp.h; path = GameOverObject.hpp; sourceTree = "<group>"; };
		0317C67F2352500C00D43455 /* Pong */ = {isa = PBXFileReference; explicitFileType = "compiled.mach-o.executable"; includeInIndex = 0; path = Pong; sourceTree = BUILT_PRODUCTS_DIR; };
		032220192380FF9D004B0BD1 /* GameWindow.cpp */ = {isa = PBXFileReference; lastKnownFileType = sourcecode.cpp.cpp; path = GameWindow.cpp; sourceTree = "<group>"; };
		0322201A2380FF9D004B0BD1 /* GameWindow.hpp */ = {isa = PBXFileReference; lastKnownFileType = sourcecode.cpp.h; path = GameWindow.hpp; sourceTree = "<group>"; };
		032C4B4D236EFFB500B78C94 /* PaddleObject.cpp */ = {isa = PBXFileReference; lastKnownFileType = sourcecode.cpp.cpp; path = PaddleObject.cpp; sourceTree = "<group>"; };
		032C4B4E236EFFB500B78C94 /* PaddleObject.hpp */ = {isa = PBXFileReference; lastKnownFileType = sourcecode.cpp.h; path = PaddleObject.hpp; sourceTree = "<group>"; };
		0345100923BAF56500530E54 /* ScoringSystem.cpp */ = {isa = PBXFileReference; lastKnownFileType = sourcecode.cpp.cpp; path = ScoringSystem.cpp; sourceTree = "<group>"; };
		0345100A23BAF56500530E54 /* ScoringSystem.hpp */ = {isa = PBXFileReference; lastKnownFileType = sourcecode.cpp.h; path = ScoringSystem.hpp; sourceTree = "<group>"; };
		0350441723C5277300CE0791 /* score.wav */ = {isa = PBXFileReference; lastKnownFileType = audio.wav; path = score.wav; sourceTree = "<group>"; };
		0350441823C5277300CE0791 /* wall.wav */ = {isa = PBXFileReference; lastKnownFileType = audio.wav; path = wall.wav; sourceTree = "<group>"; };
		0350441923C5277300CE0791 /* hit.wav */ = {isa = PBXFileReference; lastKnownFileType = audio.wav; path = hit.wav; sourceTree = "<group>"; };
		0350F2B123A324FB0038A52E /* CollisionComponent.hpp */ = {isa = PBXFileReference; lastKnownFileType = sourcecode.cpp.h; path = CollisionComponent.hpp; sourceTree = "<group>"; };
		0359174F23FB7C67004B79C7 /* repo */ = {isa = PBXFileReference; lastKnownFileType = folder; path = repo; sourceTree = "<group>"; };
		0359175023FB7D85004B79C7 /* gameover.wav */ = {isa = PBXFileReference; lastKnownFileType = audio.wav; path = gameover.wav; sourceTree = "<group>"; };
		035DB9DD238B73EF0025B2F7 /* Component.hpp */ = {isa = PBXFileReference; lastKnownFileType = sourcecode.cpp.h; path = Component.hpp; sourceTree = "<group>"; };
		035DB9DF238B75D90025B2F7 /* GameObject.cpp */ = {isa = PBXFileReference; lastKnownFileType = sourcecode.cpp.cpp; path = GameObject.cpp; sourceTree = "<group>"; };
		035DB9E2238B76AA0025B2F7 /* TransformComponent.hpp */ = {isa = PBXFileReference; fileEncoding = 4; lastKnownFileType = sourcecode.cpp.h; path = TransformComponent.hpp; sourceTree = "<group>"; };
		036CC4A023B26233006007C9 /* ScoreObject.cpp */ = {isa = PBXFileReference; fileEncoding = 4; lastKnownFileType = sourcecode.cpp.cpp; path = ScoreObject.cpp; sourceTree = "<group>"; };
		036CC4A123B26234006007C9 /* ScoreObject.hpp */ = {isa = PBXFileReference; fileEncoding = 4; lastKnownFileType = sourcecode.cpp.h; path = ScoreObject.hpp; sourceTree = "<group>"; };
		036CC4A323B26540006007C9 /* TextComponent.cpp */ = {isa = PBXFileReference; lastKnownFileType = sourcecode.cpp.cpp; path = TextComponent.cpp; sourceTree = "<group>"; };
		036CC4A423B26540006007C9 /* TextComponent.hpp */ = {isa = PBXFileReference; lastKnownFileType = sourcecode.cpp.h; path = TextComponent.hpp; sourceTree = "<group>"; };
		037280BD234F9A0D008472B1 /* README.md */ = {isa = PBXFileReference; fileEncoding = 4; lastKnownFileType = net.daringfireball.markdown; path = README.md; sourceTree = "<group>"; };
		03775CAF23B6569400BFA1C6 /* TextRenderComponent.cpp */ = {isa = PBXFileReference; lastKnownFileType = sourcecode.cpp.cpp; path = TextRenderComponent.cpp; sourceTree = "<group>"; };
		03775CB023B6569400BFA1C6 /* TextRenderComponent.hpp */ = {isa = PBXFileReference; lastKnownFileType = sourcecode.cpp.h; path = TextRenderComponent.hpp; sourceTree = "<group>"; };
		037BF8F723CAC40B00D7C4B3 /* SoundComponent.cpp */ = {isa = PBXFileReference; lastKnownFileType = sourcecode.cpp.cpp; path = SoundComponent.cpp; sourceTree = "<group>"; };
		037BF8F823CAC40B00D7C4B3 /* SoundComponent.hpp */ = {isa = PBXFileReference; lastKnownFileType = sourcecode.cpp.h; path = SoundComponent.hpp; sourceTree = "<group>"; };
		0389AD7F2396F4CA005EEC22 /* libSDL2.a */ = {isa = PBXFileReference; lastKnownFileType = archive.ar; name = libSDL2.a; path = ../../../../../../../../usr/local/Cellar/sdl2/2.0.10/lib/libSDL2.a; sourceTree = "<group>"; };
		038E2E8923C40D3F00A4BB41 /* libSDL2_mixer.a */ = {isa = PBXFileReference; lastKnownFileType = archive.ar; name = libSDL2_mixer.a; path = ../../../../../../../../usr/local/Cellar/sdl2_mixer/2.0.4/lib/libSDL2_mixer.a; sourceTree = "<group>"; };
		03987B54239559A60004639E /* RenderComponent.hpp */ = {isa = PBXFileReference; fileEncoding = 4; lastKnownFileType = sourcecode.cpp.h; path = RenderComponent.hpp; sourceTree = "<group>"; };
		03987B5723955A110004639E /* RenderSystem.hpp */ = {isa = PBXFileReference; fileEncoding = 4; lastKnownFileType = sourcecode.cpp.h; path = RenderSystem.hpp; sourceTree = "<group>"; };
		03987B5823955A110004639E /* RenderSystem.cpp */ = {isa = PBXFileReference; fileEncoding = 4; lastKnownFileType = sourcecode.cpp.cpp; path = RenderSystem.cpp; sourceTree = "<group>"; };
		039E6C16234E30B0004CCD78 /* main.cpp */ = {isa = PBXFileReference; lastKnownFileType = sourcecode.cpp.cpp; path = main.cpp; sourceTree = "<group>"; };
		03A1E57E238F56E900A02AB7 /* PaddleInputComponent.cpp */ = {isa = PBXFileReference; lastKnownFileType = sourcecode.cpp.cpp; path = PaddleInputComponent.cpp; sourceTree = "<group>"; };
		03A1E57F238F56E900A02AB7 /* PaddleInputComponent.hpp */ = {isa = PBXFileReference; lastKnownFileType = sourcecode.cpp.h; path = PaddleInputComponent.hpp; sourceTree = "<group>"; };
		03B049A5239600E500D3E5B9 /* BallObject.hpp */ = {isa = PBXFileReference; fileEncoding = 4; lastKnownFileType = sourcecode.cpp.h; path = BallObject.hpp; sourceTree = "<group>"; };
		03B049A6239600E600D3E5B9 /* BallObject.cpp */ = {isa = PBXFileReference; fileEncoding = 4; lastKnownFileType = sourcecode.cpp.cpp; path = BallObject.cpp; sourceTree = "<group>"; };
		03D47C5E2381B00A0004A67B /* InputComponent.hpp */ = {isa = PBXFileReference; lastKnownFileType = sourcecode.cpp.h; path = InputComponent.hpp; sourceTree = "<group>"; };
		03EBAAAE239190B400F8BDE5 /* MovementSystem.cpp */ = {isa = PBXFileReference; lastKnownFileType = sourcecode.cpp.cpp; path = MovementSystem.cpp; sourceTree = "<group>"; };
		03EBAAAF239190B400F8BDE5 /* MovementSystem.hpp */ = {isa = PBXFileReference; lastKnownFileType = sourcecode.cpp.h; path = MovementSystem.hpp; sourceTree = "<group>"; };
		03EDC3D923B1009B000A1AD9 /* libSDL2_ttf.a */ = {isa = PBXFileReference; lastKnownFileType = archive.ar; name = libSDL2_ttf.a; path = ../../../../../../../../usr/local/Cellar/sdl2_ttf/2.0.15/lib/libSDL2_ttf.a; sourceTree = "<group>"; };
		03EDC3DE23B12C37000A1AD9 /* Verdana.ttf */ = {isa = PBXFileReference; lastKnownFileType = file; path = Verdana.ttf; sourceTree = "<group>"; };
		03EFD232237D004B006EF2A5 /* GameWorld.cpp */ = {isa = PBXFileReference; lastKnownFileType = sourcecode.cpp.cpp; path = GameWorld.cpp; sourceTree = "<group>"; };
		03EFD233237D004B006EF2A5 /* GameWorld.hpp */ = {isa = PBXFileReference; lastKnownFileType = sourcecode.cpp.h; path = GameWorld.hpp; sourceTree = "<group>"; };
		03EFD237237E48D9006EF2A5 /* GameObject.hpp */ = {isa = PBXFileReference; lastKnownFileType = sourcecode.cpp.h; path = GameObject.hpp; sourceTree = "<group>"; };
		03F5F9272383172400653DBE /* Pong.entitlements */ = {isa = PBXFileReference; fileEncoding = 4; lastKnownFileType = text.plist.entitlements; path = Pong.entitlements; sourceTree = "<group>"; };
/* End PBXFileReference section */

/* Begin PBXFrameworksBuildPhase section */
		039E6C10234E30B0004CCD78 /* Frameworks */ = {
			isa = PBXFrameworksBuildPhase;
			buildActionMask = 2147483647;
			files = (
				0389AD802396F4CA005EEC22 /* libSDL2.a in Frameworks */,
				03EDC3DA23B100A5000A1AD9 /* libSDL2_ttf.a in Frameworks */,
				038E2E8A23C40D3F00A4BB41 /* libSDL2_mixer.a in Frameworks */,
			);
			runOnlyForDeploymentPostprocessing = 0;
		};
/* End PBXFrameworksBuildPhase section */

/* Begin PBXGroup section */
		032220182380FE60004B0BD1 /* Game */ = {
			isa = PBXGroup;
			children = (
				03EFD23C237E49CA006EF2A5 /* Components */,
				03EFD235237E48BA006EF2A5 /* GameObjects */,
				032220192380FF9D004B0BD1 /* GameWindow.cpp */,
				0322201A2380FF9D004B0BD1 /* GameWindow.hpp */,
				03EFD232237D004B006EF2A5 /* GameWorld.cpp */,
				03EFD233237D004B006EF2A5 /* GameWorld.hpp */,
				03A78AFF23845F0000856F98 /* Primitives */,
				03EBAAAD23918F4900F8BDE5 /* Systems */,
			);
			path = Game;
			sourceTree = "<group>";
		};
		0350441123C5251300CE0791 /* Sounds */ = {
			isa = PBXGroup;
			children = (
				0359175023FB7D85004B79C7 /* gameover.wav */,
				0350441923C5277300CE0791 /* hit.wav */,
				0359174F23FB7C67004B79C7 /* repo */,
				0350441723C5277300CE0791 /* score.wav */,
				0350441823C5277300CE0791 /* wall.wav */,
			);
			path = Sounds;
			sourceTree = "<group>";
		};
		0389AD7E2396F4CA005EEC22 /* Frameworks */ = {
			isa = PBXGroup;
			children = (
				038E2E8923C40D3F00A4BB41 /* libSDL2_mixer.a */,
				03EDC3D923B1009B000A1AD9 /* libSDL2_ttf.a */,
				0389AD7F2396F4CA005EEC22 /* libSDL2.a */,
			);
			name = Frameworks;
			sourceTree = "<group>";
		};
		039E6C0A234E30B0004CCD78 = {
			isa = PBXGroup;
			children = (
				0389AD7E2396F4CA005EEC22 /* Frameworks */,
				039E6C15234E30B0004CCD78 /* Pong */,
				0317C67F2352500C00D43455 /* Pong */,
				037280BD234F9A0D008472B1 /* README.md */,
			);
			sourceTree = "<group>";
		};
		039E6C15234E30B0004CCD78 /* Pong */ = {
			isa = PBXGroup;
			children = (
				032220182380FE60004B0BD1 /* Game */,
				039E6C16234E30B0004CCD78 /* main.cpp */,
				03F5F9272383172400653DBE /* Pong.entitlements */,
				03EDC3DB23B10F3C000A1AD9 /* Resources */,
			);
			path = Pong;
			sourceTree = "<group>";
		};
		03A78AFF23845F0000856F98 /* Primitives */ = {
			isa = PBXGroup;
			children = (
				030A2389236F05D8000D0E2F /* Rectangle.hpp */,
			);
			path = Primitives;
			sourceTree = "<group>";
		};
		03EBAAAD23918F4900F8BDE5 /* Systems */ = {
			isa = PBXGroup;
			children = (
				03EBAAAE239190B400F8BDE5 /* MovementSystem.cpp */,
				03EBAAAF239190B400F8BDE5 /* MovementSystem.hpp */,
				03987B5823955A110004639E /* RenderSystem.cpp */,
				03987B5723955A110004639E /* RenderSystem.hpp */,
				0345100923BAF56500530E54 /* ScoringSystem.cpp */,
				0345100A23BAF56500530E54 /* ScoringSystem.hpp */,
			);
			path = Systems;
			sourceTree = "<group>";
		};
		03EDC3DB23B10F3C000A1AD9 /* Resources */ = {
			isa = PBXGroup;
			children = (
				03EDC3DC23B127FD000A1AD9 /* Fonts */,
				0350441123C5251300CE0791 /* Sounds */,
			);
			path = Resources;
			sourceTree = "<group>";
		};
		03EDC3DC23B127FD000A1AD9 /* Fonts */ = {
			isa = PBXGroup;
			children = (
				03EDC3DE23B12C37000A1AD9 /* Verdana.ttf */,
			);
			path = Fonts;
			sourceTree = "<group>";
		};
		03EFD235237E48BA006EF2A5 /* GameObjects */ = {
			isa = PBXGroup;
			children = (
				03B049A6239600E600D3E5B9 /* BallObject.cpp */,
				03B049A5239600E500D3E5B9 /* BallObject.hpp */,
				035DB9DF238B75D90025B2F7 /* GameObject.cpp */,
				03EFD237237E48D9006EF2A5 /* GameObject.hpp */,
				0311FAFF23F7BB9E00DC4710 /* GameOverObject.cpp */,
				0311FB0023F7BB9E00DC4710 /* GameOverObject.hpp */,
				032C4B4D236EFFB500B78C94 /* PaddleObject.cpp */,
				032C4B4E236EFFB500B78C94 /* PaddleObject.hpp */,
				036CC4A023B26233006007C9 /* ScoreObject.cpp */,
				036CC4A123B26234006007C9 /* ScoreObject.hpp */,
			);
			path = GameObjects;
			sourceTree = "<group>";
		};
		03EFD23C237E49CA006EF2A5 /* Components */ = {
			isa = PBXGroup;
			children = (
				0350F2B123A324FB0038A52E /* CollisionComponent.hpp */,
				035DB9DD238B73EF0025B2F7 /* Component.hpp */,
				03D47C5E2381B00A0004A67B /* InputComponent.hpp */,
				03A1E57E238F56E900A02AB7 /* PaddleInputComponent.cpp */,
				03A1E57F238F56E900A02AB7 /* PaddleInputComponent.hpp */,
				03987B54239559A60004639E /* RenderComponent.hpp */,
				037BF8F723CAC40B00D7C4B3 /* SoundComponent.cpp */,
				037BF8F823CAC40B00D7C4B3 /* SoundComponent.hpp */,
				036CC4A323B26540006007C9 /* TextComponent.cpp */,
				036CC4A423B26540006007C9 /* TextComponent.hpp */,
				03775CAF23B6569400BFA1C6 /* TextRenderComponent.cpp */,
				03775CB023B6569400BFA1C6 /* TextRenderComponent.hpp */,
				035DB9E2238B76AA0025B2F7 /* TransformComponent.hpp */,
			);
			path = Components;
			sourceTree = "<group>";
		};
/* End PBXGroup section */

/* Begin PBXNativeTarget section */
		039E6C12234E30B0004CCD78 /* Pong */ = {
			isa = PBXNativeTarget;
			buildConfigurationList = 039E6C1A234E30B0004CCD78 /* Build configuration list for PBXNativeTarget "Pong" */;
			buildPhases = (
				039E6C0F234E30B0004CCD78 /* Sources */,
				039E6C10234E30B0004CCD78 /* Frameworks */,
				039E6C11234E30B0004CCD78 /* CopyFiles */,
				03C581D1239DC4190005BFBC /* Run Script */,
			);
			buildRules = (
			);
			dependencies = (
			);
			name = Pong;
			productName = Pong;
			productReference = 0317C67F2352500C00D43455 /* Pong */;
			productType = "com.apple.product-type.tool";
		};
/* End PBXNativeTarget section */

/* Begin PBXProject section */
		039E6C0B234E30B0004CCD78 /* Project object */ = {
			isa = PBXProject;
			attributes = {
				LastUpgradeCheck = 1130;
				ORGANIZATIONNAME = "Daniel Ricci";
				TargetAttributes = {
					039E6C12234E30B0004CCD78 = {
						CreatedOnToolsVersion = 11.1;
					};
				};
			};
			buildConfigurationList = 039E6C0E234E30B0004CCD78 /* Build configuration list for PBXProject "Pong" */;
			compatibilityVersion = "Xcode 9.3";
			developmentRegion = en;
			hasScannedForEncodings = 0;
			knownRegions = (
				en,
				Base,
			);
			mainGroup = 039E6C0A234E30B0004CCD78;
			productRefGroup = 039E6C0A234E30B0004CCD78;
			projectDirPath = "";
			projectRoot = "";
			targets = (
				039E6C12234E30B0004CCD78 /* Pong */,
			);
		};
/* End PBXProject section */

/* Begin PBXShellScriptBuildPhase section */
		03C581D1239DC4190005BFBC /* Run Script */ = {
			isa = PBXShellScriptBuildPhase;
			buildActionMask = 2147483647;
			files = (
			);
			inputFileListPaths = (
			);
			inputPaths = (
			);
			name = "Run Script";
			outputFileListPaths = (
			);
			outputPaths = (
			);
			runOnlyForDeploymentPostprocessing = 0;
			shellPath = /bin/sh;
			shellScript = "# Type a script or drag a script file from your workspace to insert its path.\n\nTAGS=\"TODO:|FIXME:\"\nfind \"${SRCROOT}\" \\( -name \"*.h*\" -or -name \"*.c*\" \\) -print0 | xargs -0 egrep --with-filename --line-number --only-matching \"($TAGS).*\\$\" | perl -p -e \"s/($TAGS)/ warning: \\$1/\"\n";
		};
/* End PBXShellScriptBuildPhase section */

/* Begin PBXSourcesBuildPhase section */
		039E6C0F234E30B0004CCD78 /* Sources */ = {
			isa = PBXSourcesBuildPhase;
			buildActionMask = 2147483647;
			files = (
				0345100B23BAF56500530E54 /* ScoringSystem.cpp in Sources */,
				03A1E580238F56E900A02AB7 /* PaddleInputComponent.cpp in Sources */,
				03775CB123B6569400BFA1C6 /* TextRenderComponent.cpp in Sources */,
				037BF8F923CAC40B00D7C4B3 /* SoundComponent.cpp in Sources */,
				0350F2B223A324FB0038A52E /* CollisionComponent.hpp in Sources */,
				03987B5923955A110004639E /* RenderSystem.cpp in Sources */,
				035DB9E0238B75D90025B2F7 /* GameObject.cpp in Sources */,
				03B049A7239600E600D3E5B9 /* BallObject.cpp in Sources */,
				03EBAAB0239190B400F8BDE5 /* MovementSystem.cpp in Sources */,
				036CC4A523B26540006007C9 /* TextComponent.cpp in Sources */,
				032C4B4F236EFFB500B78C94 /* PaddleObject.cpp in Sources */,
				03EFD234237D004B006EF2A5 /* GameWorld.cpp in Sources */,
				0322201B2380FF9D004B0BD1 /* GameWindow.cpp in Sources */,
				039E6C17234E30B0004CCD78 /* main.cpp in Sources */,
				036CC4A223B26234006007C9 /* ScoreObject.cpp in Sources */,
				0311FB0123F7BB9E00DC4710 /* GameOverObject.cpp in Sources */,
			);
			runOnlyForDeploymentPostprocessing = 0;
		};
/* End PBXSourcesBuildPhase section */

/* Begin XCBuildConfiguration section */
		039E6C18234E30B0004CCD78 /* Debug */ = {
			isa = XCBuildConfiguration;
			buildSettings = {
				ALWAYS_SEARCH_USER_PATHS = NO;
				CLANG_ANALYZER_NONNULL = YES;
				CLANG_ANALYZER_NUMBER_OBJECT_CONVERSION = YES_AGGRESSIVE;
				CLANG_CXX_LANGUAGE_STANDARD = "gnu++14";
				CLANG_CXX_LIBRARY = "libc++";
				CLANG_ENABLE_MODULES = YES;
				CLANG_ENABLE_OBJC_ARC = YES;
				CLANG_ENABLE_OBJC_WEAK = YES;
				CLANG_WARN_BLOCK_CAPTURE_AUTORELEASING = YES;
				CLANG_WARN_BOOL_CONVERSION = YES;
				CLANG_WARN_COMMA = YES;
				CLANG_WARN_CONSTANT_CONVERSION = YES;
				CLANG_WARN_DEPRECATED_OBJC_IMPLEMENTATIONS = YES;
				CLANG_WARN_DIRECT_OBJC_ISA_USAGE = YES_ERROR;
				CLANG_WARN_DOCUMENTATION_COMMENTS = YES;
				CLANG_WARN_EMPTY_BODY = YES;
				CLANG_WARN_ENUM_CONVERSION = YES;
				CLANG_WARN_INFINITE_RECURSION = YES;
				CLANG_WARN_INT_CONVERSION = YES;
				CLANG_WARN_NON_LITERAL_NULL_CONVERSION = YES;
				CLANG_WARN_OBJC_IMPLICIT_RETAIN_SELF = YES;
				CLANG_WARN_OBJC_LITERAL_CONVERSION = YES;
				CLANG_WARN_OBJC_ROOT_CLASS = YES_ERROR;
				CLANG_WARN_RANGE_LOOP_ANALYSIS = YES;
				CLANG_WARN_STRICT_PROTOTYPES = YES;
				CLANG_WARN_SUSPICIOUS_MOVE = YES;
				CLANG_WARN_UNGUARDED_AVAILABILITY = YES_AGGRESSIVE;
				CLANG_WARN_UNREACHABLE_CODE = YES;
				CLANG_WARN__DUPLICATE_METHOD_MATCH = YES;
				COPY_PHASE_STRIP = NO;
				DEBUG_INFORMATION_FORMAT = dwarf;
				ENABLE_STRICT_OBJC_MSGSEND = YES;
				ENABLE_TESTABILITY = YES;
				GCC_C_LANGUAGE_STANDARD = gnu11;
				GCC_DYNAMIC_NO_PIC = NO;
				GCC_NO_COMMON_BLOCKS = YES;
				GCC_OPTIMIZATION_LEVEL = 0;
				GCC_PREPROCESSOR_DEFINITIONS = (
					"DEBUG=1",
					"$(inherited)",
				);
				GCC_WARN_64_TO_32_BIT_CONVERSION = YES;
				GCC_WARN_ABOUT_RETURN_TYPE = YES_ERROR;
				GCC_WARN_UNDECLARED_SELECTOR = YES;
				GCC_WARN_UNINITIALIZED_AUTOS = YES_AGGRESSIVE;
				GCC_WARN_UNUSED_FUNCTION = YES;
				GCC_WARN_UNUSED_VARIABLE = YES;
				MACOSX_DEPLOYMENT_TARGET = 10.14;
				MTL_ENABLE_DEBUG_INFO = INCLUDE_SOURCE;
				MTL_FAST_MATH = YES;
				ONLY_ACTIVE_ARCH = YES;
				SDKROOT = macosx;
			};
			name = Debug;
		};
		039E6C19234E30B0004CCD78 /* Release */ = {
			isa = XCBuildConfiguration;
			buildSettings = {
				ALWAYS_SEARCH_USER_PATHS = NO;
				CLANG_ANALYZER_NONNULL = YES;
				CLANG_ANALYZER_NUMBER_OBJECT_CONVERSION = YES_AGGRESSIVE;
				CLANG_CXX_LANGUAGE_STANDARD = "gnu++14";
				CLANG_CXX_LIBRARY = "libc++";
				CLANG_ENABLE_MODULES = YES;
				CLANG_ENABLE_OBJC_ARC = YES;
				CLANG_ENABLE_OBJC_WEAK = YES;
				CLANG_WARN_BLOCK_CAPTURE_AUTORELEASING = YES;
				CLANG_WARN_BOOL_CONVERSION = YES;
				CLANG_WARN_COMMA = YES;
				CLANG_WARN_CONSTANT_CONVERSION = YES;
				CLANG_WARN_DEPRECATED_OBJC_IMPLEMENTATIONS = YES;
				CLANG_WARN_DIRECT_OBJC_ISA_USAGE = YES_ERROR;
				CLANG_WARN_DOCUMENTATION_COMMENTS = YES;
				CLANG_WARN_EMPTY_BODY = YES;
				CLANG_WARN_ENUM_CONVERSION = YES;
				CLANG_WARN_INFINITE_RECURSION = YES;
				CLANG_WARN_INT_CONVERSION = YES;
				CLANG_WARN_NON_LITERAL_NULL_CONVERSION = YES;
				CLANG_WARN_OBJC_IMPLICIT_RETAIN_SELF = YES;
				CLANG_WARN_OBJC_LITERAL_CONVERSION = YES;
				CLANG_WARN_OBJC_ROOT_CLASS = YES_ERROR;
				CLANG_WARN_RANGE_LOOP_ANALYSIS = YES;
				CLANG_WARN_STRICT_PROTOTYPES = YES;
				CLANG_WARN_SUSPICIOUS_MOVE = YES;
				CLANG_WARN_UNGUARDED_AVAILABILITY = YES_AGGRESSIVE;
				CLANG_WARN_UNREACHABLE_CODE = YES;
				CLANG_WARN__DUPLICATE_METHOD_MATCH = YES;
				COPY_PHASE_STRIP = NO;
				DEBUG_INFORMATION_FORMAT = "dwarf-with-dsym";
				ENABLE_NS_ASSERTIONS = NO;
				ENABLE_STRICT_OBJC_MSGSEND = YES;
				GCC_C_LANGUAGE_STANDARD = gnu11;
				GCC_NO_COMMON_BLOCKS = YES;
				GCC_WARN_64_TO_32_BIT_CONVERSION = YES;
				GCC_WARN_ABOUT_RETURN_TYPE = YES_ERROR;
				GCC_WARN_UNDECLARED_SELECTOR = YES;
				GCC_WARN_UNINITIALIZED_AUTOS = YES_AGGRESSIVE;
				GCC_WARN_UNUSED_FUNCTION = YES;
				GCC_WARN_UNUSED_VARIABLE = YES;
				MACOSX_DEPLOYMENT_TARGET = 10.14;
				MTL_ENABLE_DEBUG_INFO = NO;
				MTL_FAST_MATH = YES;
				SDKROOT = macosx;
			};
			name = Release;
		};
		039E6C1B234E30B0004CCD78 /* Debug */ = {
			isa = XCBuildConfiguration;
			buildSettings = {
				CLANG_CXX_LANGUAGE_STANDARD = "c++17";
				CLANG_WARN_DOCUMENTATION_COMMENTS = NO;
				CODE_SIGN_ENTITLEMENTS = Pong/Pong.entitlements;
				CODE_SIGN_IDENTITY = "Apple Development";
				CODE_SIGN_STYLE = Automatic;
				DEVELOPMENT_TEAM = 99XD8PYX9Y;
				ENABLE_HARDENED_RUNTIME = NO;
				FRAMEWORK_SEARCH_PATHS = "$(PROJECT_DIR)/$(PROJECT_NAME)";
				GCC_C_LANGUAGE_STANDARD = c11;
				GCC_WARN_ABOUT_DEPRECATED_FUNCTIONS = NO;
				HEADER_SEARCH_PATHS = (
					"/usr/local/include/eigen3/**",
					"/usr/local/include/SDL2/**",
				);
				LIBRARY_SEARCH_PATHS = (
					"/usr/local/lib/**",
					/usr/local/Cellar/sdl2/2.0.10/lib,
					/usr/local/Cellar/sdl2_ttf/2.0.15/lib,
					/usr/local/Cellar/sdl2_mixer/2.0.4/lib,
				);
				PRODUCT_NAME = "$(TARGET_NAME)";
				PROVISIONING_PROFILE_SPECIFIER = "";
				USER_HEADER_SEARCH_PATHS = "$(PROJECT_DIR)/Pong/**";
				USE_HEADERMAP = NO;
			};
			name = Debug;
		};
		039E6C1C234E30B0004CCD78 /* Release */ = {
			isa = XCBuildConfiguration;
			buildSettings = {
				CLANG_CXX_LANGUAGE_STANDARD = "c++17";
				CLANG_WARN_DOCUMENTATION_COMMENTS = NO;
				CODE_SIGN_ENTITLEMENTS = Pong/Pong.entitlements;
				CODE_SIGN_IDENTITY = "Apple Development";
				CODE_SIGN_STYLE = Automatic;
				DEVELOPMENT_TEAM = 99XD8PYX9Y;
				ENABLE_HARDENED_RUNTIME = NO;
				FRAMEWORK_SEARCH_PATHS = "$(PROJECT_DIR)/$(PROJECT_NAME)";
				GCC_C_LANGUAGE_STANDARD = c11;
				GCC_WARN_ABOUT_DEPRECATED_FUNCTIONS = NO;
				HEADER_SEARCH_PATHS = (
					"/usr/local/include/eigen3/**",
					"/usr/local/include/SDL2/**",
				);
				LIBRARY_SEARCH_PATHS = (
					"/usr/local/lib/**",
					/usr/local/Cellar/sdl2/2.0.10/lib,
					/usr/local/Cellar/sdl2_ttf/2.0.15/lib,
					/usr/local/Cellar/sdl2_mixer/2.0.4/lib,
				);
				PRODUCT_NAME = "$(TARGET_NAME)";
				PROVISIONING_PROFILE_SPECIFIER = "";
				USER_HEADER_SEARCH_PATHS = "$(PROJECT_DIR)/Pong/**";
				USE_HEADERMAP = NO;
			};
			name = Release;
		};
/* End XCBuildConfiguration section */

/* Begin XCConfigurationList section */
		039E6C0E234E30B0004CCD78 /* Build configuration list for PBXProject "Pong" */ = {
			isa = XCConfigurationList;
			buildConfigurations = (
				039E6C18234E30B0004CCD78 /* Debug */,
				039E6C19234E30B0004CCD78 /* Release */,
			);
			defaultConfigurationIsVisible = 0;
			defaultConfigurationName = Release;
		};
		039E6C1A234E30B0004CCD78 /* Build configuration list for PBXNativeTarget "Pong" */ = {
			isa = XCConfigurationList;
			buildConfigurations = (
				039E6C1B234E30B0004CCD78 /* Debug */,
				039E6C1C234E30B0004CCD78 /* Release */,
			);
			defaultConfigurationIsVisible = 0;
			defaultConfigurationName = Release;
		};
/* End XCConfigurationList section */
	};
	rootObject = 039E6C0B234E30B0004CCD78 /* Project object */;
}
